
Microsoft Visual Studio Solution File, Format Version 12.00
# Visual Studio Version 17
VisualStudioVersion = 17.6.33723.286
MinimumVisualStudioVersion = 10.0.40219.1
Project("{FAE04EC0-301F-11D3-BF4B-00C04F79EFBC}") = "АнализДанных", "АнализДанных\АнализДанных.csproj", "{2CB7F877-4B21-47A4-A67F-F16D8A3F4750}"
EndProject
Global
	GlobalSection(SolutionConfigurationPlatforms) = preSolution
		Debug|Any CPU = Debug|Any CPU
		Release|Any CPU = Release|Any CPU
	EndGlobalSection
	GlobalSection(ProjectConfigurationPlatforms) = postSolution
		{2CB7F877-4B21-47A4-A67F-F16D8A3F4750}.Debug|Any CPU.ActiveCfg = Debug|Any CPU
		{2CB7F877-4B21-47A4-A67F-F16D8A3F4750}.Debug|Any CPU.Build.0 = Debug|Any CPU
		{2CB7F877-4B21-47A4-A67F-F16D8A3F4750}.Release|Any CPU.ActiveCfg = Release|Any CPU
		{2CB7F877-4B21-47A4-A67F-F16D8A3F4750}.Release|Any CPU.Build.0 = Release|Any CPU
	EndGlobalSection
	GlobalSection(SolutionProperties) = preSolution
		HideSolutionNode = FALSE
	EndGlobalSection
	GlobalSection(ExtensibilityGlobals) = postSolution
		SolutionGuid = {E94EFDFA-5A04-48F9-8C5A-87B35EC26FAB}
	EndGlobalSection
EndGlobal
